
Microsoft Visual Studio Solution File, Format Version 12.00
# Visual Studio 15
VisualStudioVersion = 15.0.28307.489
MinimumVisualStudioVersion = 10.0.40219.1
Project("{9A19103F-16F7-4668-BE54-9A1E7A4F7556}") = "Mcsa100Scoreboard", "Mcsa100Scoreboard\Mcsa100Scoreboard.csproj", "{EBA4FBAB-F1AD-4651-AF29-9CF95A4BC268}"
EndProject
Project("{FAE04EC0-301F-11D3-BF4B-00C04F79EFBC}") = "Tests", "Tests\Tests.csproj", "{87457C8C-8805-41D1-AFFB-30205D1CBED2}"
EndProject
Global
	GlobalSection(SolutionConfigurationPlatforms) = preSolution
		Debug|Any CPU = Debug|Any CPU
		Release|Any CPU = Release|Any CPU
	EndGlobalSection
	GlobalSection(ProjectConfigurationPlatforms) = postSolution
		{EBA4FBAB-F1AD-4651-AF29-9CF95A4BC268}.Debug|Any CPU.ActiveCfg = Debug|Any CPU
		{EBA4FBAB-F1AD-4651-AF29-9CF95A4BC268}.Debug|Any CPU.Build.0 = Debug|Any CPU
		{EBA4FBAB-F1AD-4651-AF29-9CF95A4BC268}.Release|Any CPU.ActiveCfg = Release|Any CPU
		{EBA4FBAB-F1AD-4651-AF29-9CF95A4BC268}.Release|Any CPU.Build.0 = Release|Any CPU
		{87457C8C-8805-41D1-AFFB-30205D1CBED2}.Debug|Any CPU.ActiveCfg = Debug|Any CPU
		{87457C8C-8805-41D1-AFFB-30205D1CBED2}.Debug|Any CPU.Build.0 = Debug|Any CPU
		{87457C8C-8805-41D1-AFFB-30205D1CBED2}.Release|Any CPU.ActiveCfg = Release|Any CPU
		{87457C8C-8805-41D1-AFFB-30205D1CBED2}.Release|Any CPU.Build.0 = Release|Any CPU
	EndGlobalSection
	GlobalSection(SolutionProperties) = preSolution
		HideSolutionNode = FALSE
	EndGlobalSection
	GlobalSection(ExtensibilityGlobals) = postSolution
		SolutionGuid = {F480F1BA-F747-4C87-87CF-7ABDF1DB6874}
	EndGlobalSection
EndGlobal
